// !$*UTF8*$!
{
	archiveVersion = 1;
	classes = {
	};
	objectVersion = 46;
	objects = {

/* Begin PBXBuildFile section */
		02A9D7671AE7B83000B68220 /* main.m in Sources */ = {isa = PBXBuildFile; fileRef = 02A9D7661AE7B83000B68220 /* main.m */; };
		02A9D76A1AE7B83000B68220 /* AppDelegate.m in Sources */ = {isa = PBXBuildFile; fileRef = 02A9D7691AE7B83000B68220 /* AppDelegate.m */; };
		02A9D76D1AE7B83000B68220 /* ViewController.m in Sources */ = {isa = PBXBuildFile; fileRef = 02A9D76C1AE7B83000B68220 /* ViewController.m */; };
		02A9D7701AE7B83000B68220 /* Main.storyboard in Resources */ = {isa = PBXBuildFile; fileRef = 02A9D76E1AE7B83000B68220 /* Main.storyboard */; };
		02A9D7721AE7B83000B68220 /* Images.xcassets in Resources */ = {isa = PBXBuildFile; fileRef = 02A9D7711AE7B83000B68220 /* Images.xcassets */; };
		02A9D7751AE7B83000B68220 /* LaunchScreen.xib in Resources */ = {isa = PBXBuildFile; fileRef = 02A9D7731AE7B83000B68220 /* LaunchScreen.xib */; };
		02A9D7811AE7B83000B68220 /* ExpandedScrollViewTests.m in Sources */ = {isa = PBXBuildFile; fileRef = 02A9D7801AE7B83000B68220 /* ExpandedScrollViewTests.m */; };
		02A9D7991AE7B9BB00B68220 /* ESExpandedScrollView.m in Sources */ = {isa = PBXBuildFile; fileRef = 02A9D7981AE7B9BB00B68220 /* ESExpandedScrollView.m */; };
		02A9D79C1AE7B9DA00B68220 /* ESExpandedArrowView.m in Sources */ = {isa = PBXBuildFile; fileRef = 02A9D79B1AE7B9D900B68220 /* ESExpandedArrowView.m */; };
		02A9D7A01AE7BC4300B68220 /* ESExpandedViewController.m in Sources */ = {isa = PBXBuildFile; fileRef = 02A9D79E1AE7BC4300B68220 /* ESExpandedViewController.m */; };
		02A9D7A11AE7BC4300B68220 /* ESExpandedViewController.xib in Resources */ = {isa = PBXBuildFile; fileRef = 02A9D79F1AE7BC4300B68220 /* ESExpandedViewController.xib */; };
		8EC0737C8BA0F65B0F148544 /* libPods.a in Frameworks */ = {isa = PBXBuildFile; fileRef = 0B4CB5FA20BD726777426331 /* libPods.a */; };
/* End PBXBuildFile section */

/* Begin PBXContainerItemProxy section */
		02A9D77B1AE7B83000B68220 /* PBXContainerItemProxy */ = {
			isa = PBXContainerItemProxy;
			containerPortal = 02A9D7591AE7B83000B68220 /* Project object */;
			proxyType = 1;
			remoteGlobalIDString = 02A9D7601AE7B83000B68220;
			remoteInfo = ExpandedScrollView;
		};
/* End PBXContainerItemProxy section */

/* Begin PBXFileReference section */
		02A9D7611AE7B83000B68220 /* ExpandedScrollView.app */ = {isa = PBXFileReference; explicitFileType = wrapper.application; includeInIndex = 0; path = ExpandedScrollView.app; sourceTree = BUILT_PRODUCTS_DIR; };
		02A9D7651AE7B83000B68220 /* Info.plist */ = {isa = PBXFileReference; lastKnownFileType = text.plist.xml; path = Info.plist; sourceTree = "<group>"; };
		02A9D7661AE7B83000B68220 /* main.m */ = {isa = PBXFileReference; lastKnownFileType = sourcecode.c.objc; path = main.m; sourceTree = "<group>"; };
		02A9D7681AE7B83000B68220 /* AppDelegate.h */ = {isa = PBXFileReference; lastKnownFileType = sourcecode.c.h; path = AppDelegate.h; sourceTree = "<group>"; };
		02A9D7691AE7B83000B68220 /* AppDelegate.m */ = {isa = PBXFileReference; lastKnownFileType = sourcecode.c.objc; path = AppDelegate.m; sourceTree = "<group>"; };
		02A9D76B1AE7B83000B68220 /* ViewController.h */ = {isa = PBXFileReference; lastKnownFileType = sourcecode.c.h; path = ViewController.h; sourceTree = "<group>"; };
		02A9D76C1AE7B83000B68220 /* ViewController.m */ = {isa = PBXFileReference; lastKnownFileType = sourcecode.c.objc; path = ViewController.m; sourceTree = "<group>"; };
		02A9D76F1AE7B83000B68220 /* Base */ = {isa = PBXFileReference; lastKnownFileType = file.storyboard; name = Base; path = Base.lproj/Main.storyboard; sourceTree = "<group>"; };
		02A9D7711AE7B83000B68220 /* Images.xcassets */ = {isa = PBXFileReference; lastKnownFileType = folder.assetcatalog; path = Images.xcassets; sourceTree = "<group>"; };
		02A9D7741AE7B83000B68220 /* Base */ = {isa = PBXFileReference; lastKnownFileType = file.xib; name = Base; path = Base.lproj/LaunchScreen.xib; sourceTree = "<group>"; };
		02A9D77A1AE7B83000B68220 /* ExpandedScrollViewTests.xctest */ = {isa = PBXFileReference; explicitFileType = wrapper.cfbundle; includeInIndex = 0; path = ExpandedScrollViewTests.xctest; sourceTree = BUILT_PRODUCTS_DIR; };
		02A9D77F1AE7B83000B68220 /* Info.plist */ = {isa = PBXFileReference; lastKnownFileType = text.plist.xml; path = Info.plist; sourceTree = "<group>"; };
		02A9D7801AE7B83000B68220 /* ExpandedScrollViewTests.m */ = {isa = PBXFileReference; lastKnownFileType = sourcecode.c.objc; path = ExpandedScrollViewTests.m; sourceTree = "<group>"; };
		02A9D7971AE7B9BB00B68220 /* ESExpandedScrollView.h */ = {isa = PBXFileReference; fileEncoding = 4; lastKnownFileType = sourcecode.c.h; path = ESExpandedScrollView.h; sourceTree = "<group>"; };
		02A9D7981AE7B9BB00B68220 /* ESExpandedScrollView.m */ = {isa = PBXFileReference; fileEncoding = 4; lastKnownFileType = sourcecode.c.objc; path = ESExpandedScrollView.m; sourceTree = "<group>"; };
		02A9D79A1AE7B9D900B68220 /* ESExpandedArrowView.h */ = {isa = PBXFileReference; fileEncoding = 4; lastKnownFileType = sourcecode.c.h; path = ESExpandedArrowView.h; sourceTree = "<group>"; };
		02A9D79B1AE7B9D900B68220 /* ESExpandedArrowView.m */ = {isa = PBXFileReference; fileEncoding = 4; lastKnownFileType = sourcecode.c.objc; path = ESExpandedArrowView.m; sourceTree = "<group>"; };
		02A9D79D1AE7BC4300B68220 /* ESExpandedViewController.h */ = {isa = PBXFileReference; fileEncoding = 4; lastKnownFileType = sourcecode.c.h; path = ESExpandedViewController.h; sourceTree = "<group>"; };
		02A9D79E1AE7BC4300B68220 /* ESExpandedViewController.m */ = {isa = PBXFileReference; fileEncoding = 4; lastKnownFileType = sourcecode.c.objc; path = ESExpandedViewController.m; sourceTree = "<group>"; };
		02A9D79F1AE7BC4300B68220 /* ESExpandedViewController.xib */ = {isa = PBXFileReference; fileEncoding = 4; lastKnownFileType = file.xib; path = ESExpandedViewController.xib; sourceTree = "<group>"; };
		0B4CB5FA20BD726777426331 /* libPods.a */ = {isa = PBXFileReference; explicitFileType = archive.ar; includeInIndex = 0; path = libPods.a; sourceTree = BUILT_PRODUCTS_DIR; };
		3B392A01B079E3E5CDAFFE79 /* Pods.debug.xcconfig */ = {isa = PBXFileReference; includeInIndex = 1; lastKnownFileType = text.xcconfig; name = Pods.debug.xcconfig; path = "Pods/Target Support Files/Pods/Pods.debug.xcconfig"; sourceTree = "<group>"; };
		6275206BB7EFBB6CF41CA6A6 /* Pods.release.xcconfig */ = {isa = PBXFileReference; includeInIndex = 1; lastKnownFileType = text.xcconfig; name = Pods.release.xcconfig; path = "Pods/Target Support Files/Pods/Pods.release.xcconfig"; sourceTree = "<group>"; };
/* End PBXFileReference section */

/* Begin PBXFrameworksBuildPhase section */
		02A9D75E1AE7B83000B68220 /* Frameworks */ = {
			isa = PBXFrameworksBuildPhase;
			buildActionMask = 2147483647;
			files = (
				8EC0737C8BA0F65B0F148544 /* libPods.a in Frameworks */,
			);
			runOnlyForDeploymentPostprocessing = 0;
		};
		02A9D7771AE7B83000B68220 /* Frameworks */ = {
			isa = PBXFrameworksBuildPhase;
			buildActionMask = 2147483647;
			files = (
			);
			runOnlyForDeploymentPostprocessing = 0;
		};
/* End PBXFrameworksBuildPhase section */

/* Begin PBXGroup section */
		02A9D7581AE7B83000B68220 = {
			isa = PBXGroup;
			children = (
				02A9D7631AE7B83000B68220 /* ExpandedScrollView */,
				02A9D77D1AE7B83000B68220 /* ExpandedScrollViewTests */,
				02A9D7621AE7B83000B68220 /* Products */,
				268AD08BF6A0EE6CB9B5B06C /* Pods */,
				5D8BD4D0D87EFE382E2960A4 /* Frameworks */,
			);
			sourceTree = "<group>";
		};
		02A9D7621AE7B83000B68220 /* Products */ = {
			isa = PBXGroup;
			children = (
				02A9D7611AE7B83000B68220 /* ExpandedScrollView.app */,
				02A9D77A1AE7B83000B68220 /* ExpandedScrollViewTests.xctest */,
			);
			name = Products;
			sourceTree = "<group>";
		};
		02A9D7631AE7B83000B68220 /* ExpandedScrollView */ = {
			isa = PBXGroup;
			children = (
				02A9D7961AE7B9BB00B68220 /* Classes */,
				02A9D7681AE7B83000B68220 /* AppDelegate.h */,
				02A9D7691AE7B83000B68220 /* AppDelegate.m */,
				02A9D76B1AE7B83000B68220 /* ViewController.h */,
				02A9D76C1AE7B83000B68220 /* ViewController.m */,
				02A9D76E1AE7B83000B68220 /* Main.storyboard */,
				02A9D7711AE7B83000B68220 /* Images.xcassets */,
				02A9D79D1AE7BC4300B68220 /* ESExpandedViewController.h */,
				02A9D79E1AE7BC4300B68220 /* ESExpandedViewController.m */,
				02A9D79F1AE7BC4300B68220 /* ESExpandedViewController.xib */,
				02A9D7731AE7B83000B68220 /* LaunchScreen.xib */,
				02A9D7641AE7B83000B68220 /* Supporting Files */,
			);
			path = ExpandedScrollView;
			sourceTree = "<group>";
		};
		02A9D7641AE7B83000B68220 /* Supporting Files */ = {
			isa = PBXGroup;
			children = (
				02A9D7651AE7B83000B68220 /* Info.plist */,
				02A9D7661AE7B83000B68220 /* main.m */,
			);
			name = "Supporting Files";
			sourceTree = "<group>";
		};
		02A9D77D1AE7B83000B68220 /* ExpandedScrollViewTests */ = {
			isa = PBXGroup;
			children = (
				02A9D7801AE7B83000B68220 /* ExpandedScrollViewTests.m */,
				02A9D77E1AE7B83000B68220 /* Supporting Files */,
			);
			path = ExpandedScrollViewTests;
			sourceTree = "<group>";
		};
		02A9D77E1AE7B83000B68220 /* Supporting Files */ = {
			isa = PBXGroup;
			children = (
				02A9D77F1AE7B83000B68220 /* Info.plist */,
			);
			name = "Supporting Files";
			sourceTree = "<group>";
		};
		02A9D7961AE7B9BB00B68220 /* Classes */ = {
			isa = PBXGroup;
			children = (
				02A9D79A1AE7B9D900B68220 /* ESExpandedArrowView.h */,
				02A9D79B1AE7B9D900B68220 /* ESExpandedArrowView.m */,
				02A9D7971AE7B9BB00B68220 /* ESExpandedScrollView.h */,
				02A9D7981AE7B9BB00B68220 /* ESExpandedScrollView.m */,
			);
			path = Classes;
			sourceTree = "<group>";
		};
		268AD08BF6A0EE6CB9B5B06C /* Pods */ = {
			isa = PBXGroup;
			children = (
				3B392A01B079E3E5CDAFFE79 /* Pods.debug.xcconfig */,
				6275206BB7EFBB6CF41CA6A6 /* Pods.release.xcconfig */,
			);
			name = Pods;
			sourceTree = "<group>";
		};
		5D8BD4D0D87EFE382E2960A4 /* Frameworks */ = {
			isa = PBXGroup;
			children = (
				0B4CB5FA20BD726777426331 /* libPods.a */,
			);
			name = Frameworks;
			sourceTree = "<group>";
		};
/* End PBXGroup section */

/* Begin PBXNativeTarget section */
		02A9D7601AE7B83000B68220 /* ExpandedScrollView */ = {
			isa = PBXNativeTarget;
			buildConfigurationList = 02A9D7841AE7B83000B68220 /* Build configuration list for PBXNativeTarget "ExpandedScrollView" */;
			buildPhases = (
				6213CFB495C08B21488A954D /* Check Pods Manifest.lock */,
				02A9D75D1AE7B83000B68220 /* Sources */,
				02A9D75E1AE7B83000B68220 /* Frameworks */,
				02A9D75F1AE7B83000B68220 /* Resources */,
				C0AE006E065DA7D3D566A65C /* Copy Pods Resources */,
			);
			buildRules = (
			);
			dependencies = (
			);
			name = ExpandedScrollView;
			productName = ExpandedScrollView;
			productReference = 02A9D7611AE7B83000B68220 /* ExpandedScrollView.app */;
			productType = "com.apple.product-type.application";
		};
		02A9D7791AE7B83000B68220 /* ExpandedScrollViewTests */ = {
			isa = PBXNativeTarget;
			buildConfigurationList = 02A9D7871AE7B83000B68220 /* Build configuration list for PBXNativeTarget "ExpandedScrollViewTests" */;
			buildPhases = (
				02A9D7761AE7B83000B68220 /* Sources */,
				02A9D7771AE7B83000B68220 /* Frameworks */,
				02A9D7781AE7B83000B68220 /* Resources */,
			);
			buildRules = (
			);
			dependencies = (
				02A9D77C1AE7B83000B68220 /* PBXTargetDependency */,
			);
			name = ExpandedScrollViewTests;
			productName = ExpandedScrollViewTests;
			productReference = 02A9D77A1AE7B83000B68220 /* ExpandedScrollViewTests.xctest */;
			productType = "com.apple.product-type.bundle.unit-test";
		};
/* End PBXNativeTarget section */

/* Begin PBXProject section */
		02A9D7591AE7B83000B68220 /* Project object */ = {
			isa = PBXProject;
			attributes = {
				LastUpgradeCheck = 0630;
				ORGANIZATIONNAME = CyonLeuInc;
				TargetAttributes = {
					02A9D7601AE7B83000B68220 = {
						CreatedOnToolsVersion = 6.3;
					};
					02A9D7791AE7B83000B68220 = {
						CreatedOnToolsVersion = 6.3;
						TestTargetID = 02A9D7601AE7B83000B68220;
					};
				};
			};
			buildConfigurationList = 02A9D75C1AE7B83000B68220 /* Build configuration list for PBXProject "ExpandedScrollView" */;
			compatibilityVersion = "Xcode 3.2";
			developmentRegion = English;
			hasScannedForEncodings = 0;
			knownRegions = (
				en,
				Base,
			);
			mainGroup = 02A9D7581AE7B83000B68220;
			productRefGroup = 02A9D7621AE7B83000B68220 /* Products */;
			projectDirPath = "";
			projectRoot = "";
			targets = (
				02A9D7601AE7B83000B68220 /* ExpandedScrollView */,
				02A9D7791AE7B83000B68220 /* ExpandedScrollViewTests */,
			);
		};
/* End PBXProject section */

/* Begin PBXResourcesBuildPhase section */
		02A9D75F1AE7B83000B68220 /* Resources */ = {
			isa = PBXResourcesBuildPhase;
			buildActionMask = 2147483647;
			files = (
				02A9D7701AE7B83000B68220 /* Main.storyboard in Resources */,
				02A9D7751AE7B83000B68220 /* LaunchScreen.xib in Resources */,
				02A9D7A11AE7BC4300B68220 /* ESExpandedViewController.xib in Resources */,
				02A9D7721AE7B83000B68220 /* Images.xcassets in Resources */,
			);
			runOnlyForDeploymentPostprocessing = 0;
		};
		02A9D7781AE7B83000B68220 /* Resources */ = {
			isa = PBXResourcesBuildPhase;
			buildActionMask = 2147483647;
			files = (
			);
			runOnlyForDeploymentPostprocessing = 0;
		};
/* End PBXResourcesBuildPhase section */

/* Begin PBXShellScriptBuildPhase section */
		6213CFB495C08B21488A954D /* Check Pods Manifest.lock */ = {
			isa = PBXShellScriptBuildPhase;
			buildActionMask = 2147483647;
			files = (
			);
			inputPaths = (
			);
			name = "Check Pods Manifest.lock";
			outputPaths = (
			);
			runOnlyForDeploymentPostprocessing = 0;
			shellPath = /bin/sh;
			shellScript = "diff \"${PODS_ROOT}/../Podfile.lock\" \"${PODS_ROOT}/Manifest.lock\" > /dev/null\nif [[ $? != 0 ]] ; then\n    cat << EOM\nerror: The sandbox is not in sync with the Podfile.lock. Run 'pod install' or update your CocoaPods installation.\nEOM\n    exit 1\nfi\n";
			showEnvVarsInLog = 0;
		};
		C0AE006E065DA7D3D566A65C /* Copy Pods Resources */ = {
			isa = PBXShellScriptBuildPhase;
			buildActionMask = 2147483647;
			files = (
			);
			inputPaths = (
			);
			name = "Copy Pods Resources";
			outputPaths = (
			);
			runOnlyForDeploymentPostprocessing = 0;
			shellPath = /bin/sh;
			shellScript = "\"${SRCROOT}/Pods/Target Support Files/Pods/Pods-resources.sh\"\n";
			showEnvVarsInLog = 0;
		};
/* End PBXShellScriptBuildPhase section */

/* Begin PBXSourcesBuildPhase section */
		02A9D75D1AE7B83000B68220 /* Sources */ = {
			isa = PBXSourcesBuildPhase;
			buildActionMask = 2147483647;
			files = (
				02A9D76D1AE7B83000B68220 /* ViewController.m in Sources */,
				02A9D7991AE7B9BB00B68220 /* ESExpandedScrollView.m in Sources */,
				02A9D76A1AE7B83000B68220 /* AppDelegate.m in Sources */,
				02A9D79C1AE7B9DA00B68220 /* ESExpandedArrowView.m in Sources */,
				02A9D7A01AE7BC4300B68220 /* ESExpandedViewController.m in Sources */,
				02A9D7671AE7B83000B68220 /* main.m in Sources */,
			);
			runOnlyForDeploymentPostprocessing = 0;
		};
		02A9D7761AE7B83000B68220 /* Sources */ = {
			isa = PBXSourcesBuildPhase;
			buildActionMask = 2147483647;
			files = (
				02A9D7811AE7B83000B68220 /* ExpandedScrollViewTests.m in Sources */,
			);
			runOnlyForDeploymentPostprocessing = 0;
		};
/* End PBXSourcesBuildPhase section */

/* Begin PBXTargetDependency section */
		02A9D77C1AE7B83000B68220 /* PBXTargetDependency */ = {
			isa = PBXTargetDependency;
			target = 02A9D7601AE7B83000B68220 /* ExpandedScrollView */;
			targetProxy = 02A9D77B1AE7B83000B68220 /* PBXContainerItemProxy */;
		};
/* End PBXTargetDependency section */

/* Begin PBXVariantGroup section */
		02A9D76E1AE7B83000B68220 /* Main.storyboard */ = {
			isa = PBXVariantGroup;
			children = (
				02A9D76F1AE7B83000B68220 /* Base */,
			);
			name = Main.storyboard;
			sourceTree = "<group>";
		};
		02A9D7731AE7B83000B68220 /* LaunchScreen.xib */ = {
			isa = PBXVariantGroup;
			children = (
				02A9D7741AE7B83000B68220 /* Base */,
			);
			name = LaunchScreen.xib;
			sourceTree = "<group>";
		};
/* End PBXVariantGroup section */

/* Begin XCBuildConfiguration section */
		02A9D7821AE7B83000B68220 /* Debug */ = {
			isa = XCBuildConfiguration;
			buildSettings = {
				ALWAYS_SEARCH_USER_PATHS = NO;
				CLANG_CXX_LANGUAGE_STANDARD = "gnu++0x";
				CLANG_CXX_LIBRARY = "libc++";
				CLANG_ENABLE_MODULES = YES;
				CLANG_ENABLE_OBJC_ARC = YES;
				CLANG_WARN_BOOL_CONVERSION = YES;
				CLANG_WARN_CONSTANT_CONVERSION = YES;
				CLANG_WARN_DIRECT_OBJC_ISA_USAGE = YES_ERROR;
				CLANG_WARN_EMPTY_BODY = YES;
				CLANG_WARN_ENUM_CONVERSION = YES;
				CLANG_WARN_INT_CONVERSION = YES;
				CLANG_WARN_OBJC_ROOT_CLASS = YES_ERROR;
				CLANG_WARN_UNREACHABLE_CODE = YES;
				CLANG_WARN__DUPLICATE_METHOD_MATCH = YES;
				"CODE_SIGN_IDENTITY[sdk=iphoneos*]" = "iPhone Developer";
				COPY_PHASE_STRIP = NO;
				DEBUG_INFORMATION_FORMAT = "dwarf-with-dsym";
				ENABLE_STRICT_OBJC_MSGSEND = YES;
				GCC_C_LANGUAGE_STANDARD = gnu99;
				GCC_DYNAMIC_NO_PIC = NO;
				GCC_NO_COMMON_BLOCKS = YES;
				GCC_OPTIMIZATION_LEVEL = 0;
				GCC_PREPROCESSOR_DEFINITIONS = (
					"DEBUG=1",
					"$(inherited)",
				);
				GCC_SYMBOLS_PRIVATE_EXTERN = NO;
				GCC_WARN_64_TO_32_BIT_CONVERSION = YES;
				GCC_WARN_ABOUT_RETURN_TYPE = YES_ERROR;
				GCC_WARN_UNDECLARED_SELECTOR = YES;
				GCC_WARN_UNINITIALIZED_AUTOS = YES_AGGRESSIVE;
				GCC_WARN_UNUSED_FUNCTION = YES;
				GCC_WARN_UNUSED_VARIABLE = YES;
				IPHONEOS_DEPLOYMENT_TARGET = 8.3;
				MTL_ENABLE_DEBUG_INFO = YES;
				ONLY_ACTIVE_ARCH = YES;
				SDKROOT = iphoneos;
			};
			name = Debug;
		};
		02A9D7831AE7B83000B68220 /* Release */ = {
			isa = XCBuildConfiguration;
			buildSettings = {
				ALWAYS_SEARCH_USER_PATHS = NO;
				CLANG_CXX_LANGUAGE_STANDARD = "gnu++0x";
				CLANG_CXX_LIBRARY = "libc++";
				CLANG_ENABLE_MODULES = YES;
				CLANG_ENABLE_OBJC_ARC = YES;
				CLANG_WARN_BOOL_CONVERSION = YES;
				CLANG_WARN_CONSTANT_CONVERSION = YES;
				CLANG_WARN_DIRECT_OBJC_ISA_USAGE = YES_ERROR;
				CLANG_WARN_EMPTY_BODY = YES;
				CLANG_WARN_ENUM_CONVERSION = YES;
				CLANG_WARN_INT_CONVERSION = YES;
				CLANG_WARN_OBJC_ROOT_CLASS = YES_ERROR;
				CLANG_WARN_UNREACHABLE_CODE = YES;
				CLANG_WARN__DUPLICATE_METHOD_MATCH = YES;
				"CODE_SIGN_IDENTITY[sdk=iphoneos*]" = "iPhone Developer";
				COPY_PHASE_STRIP = NO;
				DEBUG_INFORMATION_FORMAT = "dwarf-with-dsym";
				ENABLE_NS_ASSERTIONS = NO;
				ENABLE_STRICT_OBJC_MSGSEND = YES;
				GCC_C_LANGUAGE_STANDARD = gnu99;
				GCC_NO_COMMON_BLOCKS = YES;
				GCC_WARN_64_TO_32_BIT_CONVERSION = YES;
				GCC_WARN_ABOUT_RETURN_TYPE = YES_ERROR;
				GCC_WARN_UNDECLARED_SELECTOR = YES;
				GCC_WARN_UNINITIALIZED_AUTOS = YES_AGGRESSIVE;
				GCC_WARN_UNUSED_FUNCTION = YES;
				GCC_WARN_UNUSED_VARIABLE = YES;
				IPHONEOS_DEPLOYMENT_TARGET = 8.3;
				MTL_ENABLE_DEBUG_INFO = NO;
				SDKROOT = iphoneos;
				VALIDATE_PRODUCT = YES;
			};
			name = Release;
		};
		02A9D7851AE7B83000B68220 /* Debug */ = {
			isa = XCBuildConfiguration;
			baseConfigurationReference = 3B392A01B079E3E5CDAFFE79 /* Pods.debug.xcconfig */;
			buildSettings = {
				ASSETCATALOG_COMPILER_APPICON_NAME = AppIcon;
				ASSETCATALOG_COMPILER_LAUNCHIMAGE_NAME = LaunchImage;
				INFOPLIST_FILE = ExpandedScrollView/Info.plist;
				IPHONEOS_DEPLOYMENT_TARGET = 6.0;
				LD_RUNPATH_SEARCH_PATHS = "$(inherited) @executable_path/Frameworks";
				PRODUCT_NAME = "$(TARGET_NAME)";
			};
			name = Debug;
		};
		02A9D7861AE7B83000B68220 /* Release */ = {
			isa = XCBuildConfiguration;
			baseConfigurationReference = 6275206BB7EFBB6CF41CA6A6 /* Pods.release.xcconfig */;
			buildSettings = {
				ASSETCATALOG_COMPILER_APPICON_NAME = AppIcon;
				ASSETCATALOG_COMPILER_LAUNCHIMAGE_NAME = LaunchImage;
				INFOPLIST_FILE = ExpandedScrollView/Info.plist;
				IPHONEOS_DEPLOYMENT_TARGET = 6.0;
				LD_RUNPATH_SEARCH_PATHS = "$(inherited) @executable_path/Frameworks";
				PRODUCT_NAME = "$(TARGET_NAME)";
			};
			name = Release;
		};
		02A9D7881AE7B83000B68220 /* Debug */ = {
			isa = XCBuildConfiguration;
			buildSettings = {
				BUNDLE_LOADER = "$(TEST_HOST)";
				FRAMEWORK_SEARCH_PATHS = (
					"$(SDKROOT)/Developer/Library/Frameworks",
					"$(inherited)",
				);
				GCC_PREPROCESSOR_DEFINITIONS = (
					"DEBUG=1",
					"$(inherited)",
				);
				INFOPLIST_FILE = ExpandedScrollViewTests/Info.plist;
				LD_RUNPATH_SEARCH_PATHS = "$(inherited) @executable_path/Frameworks @loader_path/Frameworks";
				PRODUCT_NAME = "$(TARGET_NAME)";
				TEST_HOST = "$(BUILT_PRODUCTS_DIR)/ExpandedScrollView.app/ExpandedScrollView";
			};
			name = Debug;
		};
		02A9D7891AE7B83000B68220 /* Release */ = {
			isa = XCBuildConfiguration;
			buildSettings = {
				BUNDLE_LOADER = "$(TEST_HOST)";
				FRAMEWORK_SEARCH_PATHS = (
					"$(SDKROOT)/Developer/Library/Frameworks",
					"$(inherited)",
				);
				INFOPLIST_FILE = ExpandedScrollViewTests/Info.plist;
				LD_RUNPATH_SEARCH_PATHS = "$(inherited) @executable_path/Frameworks @loader_path/Frameworks";
				PRODUCT_NAME = "$(TARGET_NAME)";
				TEST_HOST = "$(BUILT_PRODUCTS_DIR)/ExpandedScrollView.app/ExpandedScrollView";
			};
			name = Release;
		};
/* End XCBuildConfiguration section */

/* Begin XCConfigurationList section */
		02A9D75C1AE7B83000B68220 /* Build configuration list for PBXProject "ExpandedScrollView" */ = {
			isa = XCConfigurationList;
			buildConfigurations = (
				02A9D7821AE7B83000B68220 /* Debug */,
				02A9D7831AE7B83000B68220 /* Release */,
			);
			defaultConfigurationIsVisible = 0;
			defaultConfigurationName = Release;
		};
		02A9D7841AE7B83000B68220 /* Build configuration list for PBXNativeTarget "ExpandedScrollView" */ = {
			isa = XCConfigurationList;
			buildConfigurations = (
				02A9D7851AE7B83000B68220 /* Debug */,
				02A9D7861AE7B83000B68220 /* Release */,
			);
			defaultConfigurationIsVisible = 0;
			defaultConfigurationName = Release;
		};
		02A9D7871AE7B83000B68220 /* Build configuration list for PBXNativeTarget "ExpandedScrollViewTests" */ = {
			isa = XCConfigurationList;
			buildConfigurations = (
				02A9D7881AE7B83000B68220 /* Debug */,
				02A9D7891AE7B83000B68220 /* Release */,
			);
			defaultConfigurationIsVisible = 0;
			defaultConfigurationName = Release;
		};
/* End XCConfigurationList section */
	};
	rootObject = 02A9D7591AE7B83000B68220 /* Project object */;
}
